<?xml version="1.0" encoding="utf-8"?>
<Project ToolsVersion="4.0" xmlns="http://schemas.microsoft.com/developer/msbuild/2003">
  <ItemGroup>
    <Filter Include="GamEngine">
      <UniqueIdentifier>{702C1235-DC96-C6AB-25D5-7751917EA400}</UniqueIdentifier>
    </Filter>
  </ItemGroup>
  <ItemGroup>
    <ClInclude Include="src\GamEngine.h" />
    <ClInclude Include="src\GamEngine\App.h">
      <Filter>GamEngine</Filter>
    </ClInclude>
    <ClInclude Include="src\GamEngine\Core.h">
      <Filter>GamEngine</Filter>
    </ClInclude>
    <ClInclude Include="src\GamEngine\Entry.h">
      <Filter>GamEngine</Filter>
    </ClInclude>
    <ClInclude Include="src\GamEngine\Log.h">
      <Filter>GamEngine</Filter>
    </ClInclude>
  </ItemGroup>
  <ItemGroup>
    <ClCompile Include="src\GamEngine\App.cpp">
      <Filter>GamEngine</Filter>
    </ClCompile>
    <ClCompile Include="src\GamEngine\Log.cpp">
      <Filter>GamEngine</Filter>
    </ClCompile>
  </ItemGroup>
</Project>